// !$*UTF8*$!
{
	archiveVersion = 1;
	classes = {
	};
	objectVersion = 56;
	objects = {

/* Begin PBXBuildFile section */
		5C2C8FE22B3770AA00939A84 /* Little_Lemon_Food_OrderingApp.swift in Sources */ = {isa = PBXBuildFile; fileRef = 5C2C8FE12B3770AA00939A84 /* Little_Lemon_Food_OrderingApp.swift */; };
		5C2C8FE62B3770AC00939A84 /* Assets.xcassets in Resources */ = {isa = PBXBuildFile; fileRef = 5C2C8FE52B3770AC00939A84 /* Assets.xcassets */; };
		5C2C8FE92B3770AC00939A84 /* Preview Assets.xcassets in Resources */ = {isa = PBXBuildFile; fileRef = 5C2C8FE82B3770AC00939A84 /* Preview Assets.xcassets */; };
		5C2C8FEB2B3770AC00939A84 /* Persistence.swift in Sources */ = {isa = PBXBuildFile; fileRef = 5C2C8FEA2B3770AC00939A84 /* Persistence.swift */; };
		5C2C8FEE2B3770AC00939A84 /* Little_Lemon_Food_Ordering.xcdatamodeld in Sources */ = {isa = PBXBuildFile; fileRef = 5C2C8FEC2B3770AC00939A84 /* Little_Lemon_Food_Ordering.xcdatamodeld */; };
		5C2C8FF82B3770AC00939A84 /* Little_Lemon_Food_OrderingTests.swift in Sources */ = {isa = PBXBuildFile; fileRef = 5C2C8FF72B3770AC00939A84 /* Little_Lemon_Food_OrderingTests.swift */; };
		5C2C90022B3770AC00939A84 /* Little_Lemon_Food_OrderingUITests.swift in Sources */ = {isa = PBXBuildFile; fileRef = 5C2C90012B3770AC00939A84 /* Little_Lemon_Food_OrderingUITests.swift */; };
		5C2C90042B3770AC00939A84 /* Little_Lemon_Food_OrderingUITestsLaunchTests.swift in Sources */ = {isa = PBXBuildFile; fileRef = 5C2C90032B3770AC00939A84 /* Little_Lemon_Food_OrderingUITestsLaunchTests.swift */; };
		5C2C90112B3770D600939A84 /* Styles.swift in Sources */ = {isa = PBXBuildFile; fileRef = 5C2C90102B3770D600939A84 /* Styles.swift */; };
		5C2C901A2B37710200939A84 /* FetchedObjects.swift in Sources */ = {isa = PBXBuildFile; fileRef = 5C2C90132B37710100939A84 /* FetchedObjects.swift */; };
		5C2C90212B37711D00939A84 /* MenuList.swift in Sources */ = {isa = PBXBuildFile; fileRef = 5C2C901F2B37711D00939A84 /* MenuList.swift */; };
		5C2C90222B37711D00939A84 /* MenuItem.swift in Sources */ = {isa = PBXBuildFile; fileRef = 5C2C90202B37711D00939A84 /* MenuItem.swift */; };
		5C2C90422B37712B00939A84 /* ViewModel.swift in Sources */ = {isa = PBXBuildFile; fileRef = 5C2C902D2B37712B00939A84 /* ViewModel.swift */; };
		5C2C90432B37712C00939A84 /* Hero.swift in Sources */ = {isa = PBXBuildFile; fileRef = 5C2C902F2B37712B00939A84 /* Hero.swift */; };
		5C2C90442B37712C00939A84 /* DetailItem.swift in Sources */ = {isa = PBXBuildFile; fileRef = 5C2C90302B37712B00939A84 /* DetailItem.swift */; };
		5C2C90452B37712C00939A84 /* Home.swift in Sources */ = {isa = PBXBuildFile; fileRef = 5C2C90312B37712B00939A84 /* Home.swift */; };
		5C2C90462B37712C00939A84 /* UserProfile.swift in Sources */ = {isa = PBXBuildFile; fileRef = 5C2C90322B37712B00939A84 /* UserProfile.swift */; };
		5C2C90472B37712C00939A84 /* Header.swift in Sources */ = {isa = PBXBuildFile; fileRef = 5C2C90332B37712B00939A84 /* Header.swift */; };
		5C2C90482B37712C00939A84 /* Onboarding.swift in Sources */ = {isa = PBXBuildFile; fileRef = 5C2C90342B37712B00939A84 /* Onboarding.swift */; };
		5C2C90492B37712C00939A84 /* FoodItem.swift in Sources */ = {isa = PBXBuildFile; fileRef = 5C2C90352B37712B00939A84 /* FoodItem.swift */; };
		5C2C904A2B37712C00939A84 /* MainScreen.swift in Sources */ = {isa = PBXBuildFile; fileRef = 5C2C90362B37712B00939A84 /* MainScreen.swift */; };
		5C2C904B2B37712C00939A84 /* Menu.swift in Sources */ = {isa = PBXBuildFile; fileRef = 5C2C90372B37712B00939A84 /* Menu.swift */; };
/* End PBXBuildFile section */

/* Begin PBXContainerItemProxy section */
		5C2C8FF42B3770AC00939A84 /* PBXContainerItemProxy */ = {
			isa = PBXContainerItemProxy;
			containerPortal = 5C2C8FD62B3770AA00939A84 /* Project object */;
			proxyType = 1;
			remoteGlobalIDString = 5C2C8FDD2B3770AA00939A84;
			remoteInfo = "Little Lemon Food Ordering";
		};
		5C2C8FFE2B3770AC00939A84 /* PBXContainerItemProxy */ = {
			isa = PBXContainerItemProxy;
			containerPortal = 5C2C8FD62B3770AA00939A84 /* Project object */;
			proxyType = 1;
			remoteGlobalIDString = 5C2C8FDD2B3770AA00939A84;
			remoteInfo = "Little Lemon Food Ordering";
		};
/* End PBXContainerItemProxy section */

/* Begin PBXFileReference section */
		5C2C8FDE2B3770AA00939A84 /* Little Lemon Food Ordering.app */ = {isa = PBXFileReference; explicitFileType = wrapper.application; includeInIndex = 0; path = "Little Lemon Food Ordering.app"; sourceTree = BUILT_PRODUCTS_DIR; };
		5C2C8FE12B3770AA00939A84 /* Little_Lemon_Food_OrderingApp.swift */ = {isa = PBXFileReference; lastKnownFileType = sourcecode.swift; path = Little_Lemon_Food_OrderingApp.swift; sourceTree = "<group>"; };
		5C2C8FE52B3770AC00939A84 /* Assets.xcassets */ = {isa = PBXFileReference; lastKnownFileType = folder.assetcatalog; path = Assets.xcassets; sourceTree = "<group>"; };
		5C2C8FE82B3770AC00939A84 /* Preview Assets.xcassets */ = {isa = PBXFileReference; lastKnownFileType = folder.assetcatalog; path = "Preview Assets.xcassets"; sourceTree = "<group>"; };
		5C2C8FEA2B3770AC00939A84 /* Persistence.swift */ = {isa = PBXFileReference; lastKnownFileType = sourcecode.swift; name = Persistence.swift; path = ../Persistence.swift; sourceTree = "<group>"; };
		5C2C8FED2B3770AC00939A84 /* Little_Lemon_Food_Ordering.xcdatamodel */ = {isa = PBXFileReference; lastKnownFileType = wrapper.xcdatamodel; path = Little_Lemon_Food_Ordering.xcdatamodel; sourceTree = "<group>"; };
		5C2C8FF32B3770AC00939A84 /* Little Lemon Food OrderingTests.xctest */ = {isa = PBXFileReference; explicitFileType = wrapper.cfbundle; includeInIndex = 0; path = "Little Lemon Food OrderingTests.xctest"; sourceTree = BUILT_PRODUCTS_DIR; };
		5C2C8FF72B3770AC00939A84 /* Little_Lemon_Food_OrderingTests.swift */ = {isa = PBXFileReference; lastKnownFileType = sourcecode.swift; path = Little_Lemon_Food_OrderingTests.swift; sourceTree = "<group>"; };
		5C2C8FFD2B3770AC00939A84 /* Little Lemon Food OrderingUITests.xctest */ = {isa = PBXFileReference; explicitFileType = wrapper.cfbundle; includeInIndex = 0; path = "Little Lemon Food OrderingUITests.xctest"; sourceTree = BUILT_PRODUCTS_DIR; };
		5C2C90012B3770AC00939A84 /* Little_Lemon_Food_OrderingUITests.swift */ = {isa = PBXFileReference; lastKnownFileType = sourcecode.swift; path = Little_Lemon_Food_OrderingUITests.swift; sourceTree = "<group>"; };
		5C2C90032B3770AC00939A84 /* Little_Lemon_Food_OrderingUITestsLaunchTests.swift */ = {isa = PBXFileReference; lastKnownFileType = sourcecode.swift; path = Little_Lemon_Food_OrderingUITestsLaunchTests.swift; sourceTree = "<group>"; };
		5C2C90102B3770D600939A84 /* Styles.swift */ = {isa = PBXFileReference; fileEncoding = 4; lastKnownFileType = sourcecode.swift; path = Styles.swift; sourceTree = "<group>"; };
		5C2C90132B37710100939A84 /* FetchedObjects.swift */ = {isa = PBXFileReference; fileEncoding = 4; lastKnownFileType = sourcecode.swift; path = FetchedObjects.swift; sourceTree = "<group>"; };
		5C2C901F2B37711D00939A84 /* MenuList.swift */ = {isa = PBXFileReference; fileEncoding = 4; lastKnownFileType = sourcecode.swift; path = MenuList.swift; sourceTree = "<group>"; };
		5C2C90202B37711D00939A84 /* MenuItem.swift */ = {isa = PBXFileReference; fileEncoding = 4; lastKnownFileType = sourcecode.swift; path = MenuItem.swift; sourceTree = "<group>"; };
		5C2C902D2B37712B00939A84 /* ViewModel.swift */ = {isa = PBXFileReference; fileEncoding = 4; lastKnownFileType = sourcecode.swift; path = ViewModel.swift; sourceTree = "<group>"; };
		5C2C902F2B37712B00939A84 /* Hero.swift */ = {isa = PBXFileReference; fileEncoding = 4; lastKnownFileType = sourcecode.swift; path = Hero.swift; sourceTree = "<group>"; };
		5C2C90302B37712B00939A84 /* DetailItem.swift */ = {isa = PBXFileReference; fileEncoding = 4; lastKnownFileType = sourcecode.swift; path = DetailItem.swift; sourceTree = "<group>"; };
		5C2C90312B37712B00939A84 /* Home.swift */ = {isa = PBXFileReference; fileEncoding = 4; lastKnownFileType = sourcecode.swift; path = Home.swift; sourceTree = "<group>"; };
		5C2C90322B37712B00939A84 /* UserProfile.swift */ = {isa = PBXFileReference; fileEncoding = 4; lastKnownFileType = sourcecode.swift; path = UserProfile.swift; sourceTree = "<group>"; };
		5C2C90332B37712B00939A84 /* Header.swift */ = {isa = PBXFileReference; fileEncoding = 4; lastKnownFileType = sourcecode.swift; path = Header.swift; sourceTree = "<group>"; };
		5C2C90342B37712B00939A84 /* Onboarding.swift */ = {isa = PBXFileReference; fileEncoding = 4; lastKnownFileType = sourcecode.swift; path = Onboarding.swift; sourceTree = "<group>"; };
		5C2C90352B37712B00939A84 /* FoodItem.swift */ = {isa = PBXFileReference; fileEncoding = 4; lastKnownFileType = sourcecode.swift; path = FoodItem.swift; sourceTree = "<group>"; };
		5C2C90362B37712B00939A84 /* MainScreen.swift */ = {isa = PBXFileReference; fileEncoding = 4; lastKnownFileType = sourcecode.swift; path = MainScreen.swift; sourceTree = "<group>"; };
		5C2C90372B37712B00939A84 /* Menu.swift */ = {isa = PBXFileReference; fileEncoding = 4; lastKnownFileType = sourcecode.swift; path = Menu.swift; sourceTree = "<group>"; };
/* End PBXFileReference section */

/* Begin PBXFrameworksBuildPhase section */
		5C2C8FDB2B3770AA00939A84 /* Frameworks */ = {
			isa = PBXFrameworksBuildPhase;
			buildActionMask = 2147483647;
			files = (
			);
			runOnlyForDeploymentPostprocessing = 0;
		};
		5C2C8FF02B3770AC00939A84 /* Frameworks */ = {
			isa = PBXFrameworksBuildPhase;
			buildActionMask = 2147483647;
			files = (
			);
			runOnlyForDeploymentPostprocessing = 0;
		};
		5C2C8FFA2B3770AC00939A84 /* Frameworks */ = {
			isa = PBXFrameworksBuildPhase;
			buildActionMask = 2147483647;
			files = (
			);
			runOnlyForDeploymentPostprocessing = 0;
		};
/* End PBXFrameworksBuildPhase section */

/* Begin PBXGroup section */
		5C2C8FD52B3770AA00939A84 = {
			isa = PBXGroup;
			children = (
				5C2C8FE02B3770AA00939A84 /* Little Lemon Food Ordering */,
				5C2C8FF62B3770AC00939A84 /* Little Lemon Food OrderingTests */,
				5C2C90002B3770AC00939A84 /* Little Lemon Food OrderingUITests */,
				5C2C8FDF2B3770AA00939A84 /* Products */,
			);
			sourceTree = "<group>";
		};
		5C2C8FDF2B3770AA00939A84 /* Products */ = {
			isa = PBXGroup;
			children = (
				5C2C8FDE2B3770AA00939A84 /* Little Lemon Food Ordering.app */,
				5C2C8FF32B3770AC00939A84 /* Little Lemon Food OrderingTests.xctest */,
				5C2C8FFD2B3770AC00939A84 /* Little Lemon Food OrderingUITests.xctest */,
			);
			name = Products;
			sourceTree = "<group>";
		};
		5C2C8FE02B3770AA00939A84 /* Little Lemon Food Ordering */ = {
			isa = PBXGroup;
			children = (
				5C2C90102B3770D600939A84 /* Styles.swift */,
				5C2C902C2B37712B00939A84 /* ViewModels */,
				5C2C902E2B37712B00939A84 /* Views */,
				5C2C901E2B37711D00939A84 /* Models */,
				5C2C90142B37710200939A84 /* CoreData */,
				5C2C8FE12B3770AA00939A84 /* Little_Lemon_Food_OrderingApp.swift */,
				5C2C8FE52B3770AC00939A84 /* Assets.xcassets */,
				5C2C8FE72B3770AC00939A84 /* Preview Content */,
			);
			path = "Little Lemon Food Ordering";
			sourceTree = "<group>";
		};
		5C2C8FE72B3770AC00939A84 /* Preview Content */ = {
			isa = PBXGroup;
			children = (
				5C2C8FE82B3770AC00939A84 /* Preview Assets.xcassets */,
			);
			path = "Preview Content";
			sourceTree = "<group>";
		};
		5C2C8FF62B3770AC00939A84 /* Little Lemon Food OrderingTests */ = {
			isa = PBXGroup;
			children = (
				5C2C8FF72B3770AC00939A84 /* Little_Lemon_Food_OrderingTests.swift */,
			);
			path = "Little Lemon Food OrderingTests";
			sourceTree = "<group>";
		};
		5C2C90002B3770AC00939A84 /* Little Lemon Food OrderingUITests */ = {
			isa = PBXGroup;
			children = (
				5C2C90012B3770AC00939A84 /* Little_Lemon_Food_OrderingUITests.swift */,
				5C2C90032B3770AC00939A84 /* Little_Lemon_Food_OrderingUITestsLaunchTests.swift */,
			);
			path = "Little Lemon Food OrderingUITests";
			sourceTree = "<group>";
		};
		5C2C90142B37710200939A84 /* CoreData */ = {
			isa = PBXGroup;
			children = (
				5C2C8FEC2B3770AC00939A84 /* Little_Lemon_Food_Ordering.xcdatamodeld */,
				5C2C90132B37710100939A84 /* FetchedObjects.swift */,
				5C2C8FEA2B3770AC00939A84 /* Persistence.swift */,
			);
			path = CoreData;
			sourceTree = "<group>";
		};
		5C2C901E2B37711D00939A84 /* Models */ = {
			isa = PBXGroup;
			children = (
				5C2C901F2B37711D00939A84 /* MenuList.swift */,
				5C2C90202B37711D00939A84 /* MenuItem.swift */,
			);
			path = Models;
			sourceTree = "<group>";
		};
		5C2C902C2B37712B00939A84 /* ViewModels */ = {
			isa = PBXGroup;
			children = (
				5C2C902D2B37712B00939A84 /* ViewModel.swift */,
			);
			path = ViewModels;
			sourceTree = "<group>";
		};
		5C2C902E2B37712B00939A84 /* Views */ = {
			isa = PBXGroup;
			children = (
				5C2C902F2B37712B00939A84 /* Hero.swift */,
				5C2C90302B37712B00939A84 /* DetailItem.swift */,
				5C2C90312B37712B00939A84 /* Home.swift */,
				5C2C90322B37712B00939A84 /* UserProfile.swift */,
				5C2C90332B37712B00939A84 /* Header.swift */,
				5C2C90342B37712B00939A84 /* Onboarding.swift */,
				5C2C90352B37712B00939A84 /* FoodItem.swift */,
				5C2C90362B37712B00939A84 /* MainScreen.swift */,
				5C2C90372B37712B00939A84 /* Menu.swift */,
			);
			path = Views;
			sourceTree = "<group>";
		};
/* End PBXGroup section */

/* Begin PBXNativeTarget section */
		5C2C8FDD2B3770AA00939A84 /* Little Lemon Food Ordering */ = {
			isa = PBXNativeTarget;
			buildConfigurationList = 5C2C90072B3770AC00939A84 /* Build configuration list for PBXNativeTarget "Little Lemon Food Ordering" */;
			buildPhases = (
				5C2C8FDA2B3770AA00939A84 /* Sources */,
				5C2C8FDB2B3770AA00939A84 /* Frameworks */,
				5C2C8FDC2B3770AA00939A84 /* Resources */,
			);
			buildRules = (
			);
			dependencies = (
			);
			name = "Little Lemon Food Ordering";
			productName = "Little Lemon Food Ordering";
			productReference = 5C2C8FDE2B3770AA00939A84 /* Little Lemon Food Ordering.app */;
			productType = "com.apple.product-type.application";
		};
		5C2C8FF22B3770AC00939A84 /* Little Lemon Food OrderingTests */ = {
			isa = PBXNativeTarget;
			buildConfigurationList = 5C2C900A2B3770AC00939A84 /* Build configuration list for PBXNativeTarget "Little Lemon Food OrderingTests" */;
			buildPhases = (
				5C2C8FEF2B3770AC00939A84 /* Sources */,
				5C2C8FF02B3770AC00939A84 /* Frameworks */,
				5C2C8FF12B3770AC00939A84 /* Resources */,
			);
			buildRules = (
			);
			dependencies = (
				5C2C8FF52B3770AC00939A84 /* PBXTargetDependency */,
			);
			name = "Little Lemon Food OrderingTests";
			productName = "Little Lemon Food OrderingTests";
			productReference = 5C2C8FF32B3770AC00939A84 /* Little Lemon Food OrderingTests.xctest */;
			productType = "com.apple.product-type.bundle.unit-test";
		};
		5C2C8FFC2B3770AC00939A84 /* Little Lemon Food OrderingUITests */ = {
			isa = PBXNativeTarget;
			buildConfigurationList = 5C2C900D2B3770AC00939A84 /* Build configuration list for PBXNativeTarget "Little Lemon Food OrderingUITests" */;
			buildPhases = (
				5C2C8FF92B3770AC00939A84 /* Sources */,
				5C2C8FFA2B3770AC00939A84 /* Frameworks */,
				5C2C8FFB2B3770AC00939A84 /* Resources */,
			);
			buildRules = (
			);
			dependencies = (
				5C2C8FFF2B3770AC00939A84 /* PBXTargetDependency */,
			);
			name = "Little Lemon Food OrderingUITests";
			productName = "Little Lemon Food OrderingUITests";
			productReference = 5C2C8FFD2B3770AC00939A84 /* Little Lemon Food OrderingUITests.xctest */;
			productType = "com.apple.product-type.bundle.ui-testing";
		};
/* End PBXNativeTarget section */

/* Begin PBXProject section */
		5C2C8FD62B3770AA00939A84 /* Project object */ = {
			isa = PBXProject;
			attributes = {
				BuildIndependentTargetsInParallel = 1;
				LastSwiftUpdateCheck = 1500;
				LastUpgradeCheck = 1500;
				TargetAttributes = {
					5C2C8FDD2B3770AA00939A84 = {
						CreatedOnToolsVersion = 15.0.1;
					};
					5C2C8FF22B3770AC00939A84 = {
						CreatedOnToolsVersion = 15.0.1;
						TestTargetID = 5C2C8FDD2B3770AA00939A84;
					};
					5C2C8FFC2B3770AC00939A84 = {
						CreatedOnToolsVersion = 15.0.1;
						TestTargetID = 5C2C8FDD2B3770AA00939A84;
					};
				};
			};
			buildConfigurationList = 5C2C8FD92B3770AA00939A84 /* Build configuration list for PBXProject "Little Lemon Food Ordering" */;
			compatibilityVersion = "Xcode 14.0";
			developmentRegion = en;
			hasScannedForEncodings = 0;
			knownRegions = (
				en,
				Base,
			);
			mainGroup = 5C2C8FD52B3770AA00939A84;
			productRefGroup = 5C2C8FDF2B3770AA00939A84 /* Products */;
			projectDirPath = "";
			projectRoot = "";
			targets = (
				5C2C8FDD2B3770AA00939A84 /* Little Lemon Food Ordering */,
				5C2C8FF22B3770AC00939A84 /* Little Lemon Food OrderingTests */,
				5C2C8FFC2B3770AC00939A84 /* Little Lemon Food OrderingUITests */,
			);
		};
/* End PBXProject section */

/* Begin PBXResourcesBuildPhase section */
		5C2C8FDC2B3770AA00939A84 /* Resources */ = {
			isa = PBXResourcesBuildPhase;
			buildActionMask = 2147483647;
			files = (
				5C2C8FE92B3770AC00939A84 /* Preview Assets.xcassets in Resources */,
				5C2C8FE62B3770AC00939A84 /* Assets.xcassets in Resources */,
			);
			runOnlyForDeploymentPostprocessing = 0;
		};
		5C2C8FF12B3770AC00939A84 /* Resources */ = {
			isa = PBXResourcesBuildPhase;
			buildActionMask = 2147483647;
			files = (
			);
			runOnlyForDeploymentPostprocessing = 0;
		};
		5C2C8FFB2B3770AC00939A84 /* Resources */ = {
			isa = PBXResourcesBuildPhase;
			buildActionMask = 2147483647;
			files = (
			);
			runOnlyForDeploymentPostprocessing = 0;
		};
/* End PBXResourcesBuildPhase section */

/* Begin PBXSourcesBuildPhase section */
		5C2C8FDA2B3770AA00939A84 /* Sources */ = {
			isa = PBXSourcesBuildPhase;
			buildActionMask = 2147483647;
			files = (
				5C2C904B2B37712C00939A84 /* Menu.swift in Sources */,
				5C2C8FEB2B3770AC00939A84 /* Persistence.swift in Sources */,
				5C2C90112B3770D600939A84 /* Styles.swift in Sources */,
				5C2C904A2B37712C00939A84 /* MainScreen.swift in Sources */,
				5C2C90462B37712C00939A84 /* UserProfile.swift in Sources */,
				5C2C90212B37711D00939A84 /* MenuList.swift in Sources */,
				5C2C90422B37712B00939A84 /* ViewModel.swift in Sources */,
				5C2C90442B37712C00939A84 /* DetailItem.swift in Sources */,
				5C2C90452B37712C00939A84 /* Home.swift in Sources */,
				5C2C90472B37712C00939A84 /* Header.swift in Sources */,
				5C2C8FE22B3770AA00939A84 /* Little_Lemon_Food_OrderingApp.swift in Sources */,
				5C2C90222B37711D00939A84 /* MenuItem.swift in Sources */,
				5C2C90432B37712C00939A84 /* Hero.swift in Sources */,
				5C2C90492B37712C00939A84 /* FoodItem.swift in Sources */,
				5C2C90482B37712C00939A84 /* Onboarding.swift in Sources */,
				5C2C901A2B37710200939A84 /* FetchedObjects.swift in Sources */,
				5C2C8FEE2B3770AC00939A84 /* Little_Lemon_Food_Ordering.xcdatamodeld in Sources */,
			);
			runOnlyForDeploymentPostprocessing = 0;
		};
		5C2C8FEF2B3770AC00939A84 /* Sources */ = {
			isa = PBXSourcesBuildPhase;
			buildActionMask = 2147483647;
			files = (
				5C2C8FF82B3770AC00939A84 /* Little_Lemon_Food_OrderingTests.swift in Sources */,
			);
			runOnlyForDeploymentPostprocessing = 0;
		};
		5C2C8FF92B3770AC00939A84 /* Sources */ = {
			isa = PBXSourcesBuildPhase;
			buildActionMask = 2147483647;
			files = (
				5C2C90042B3770AC00939A84 /* Little_Lemon_Food_OrderingUITestsLaunchTests.swift in Sources */,
				5C2C90022B3770AC00939A84 /* Little_Lemon_Food_OrderingUITests.swift in Sources */,
			);
			runOnlyForDeploymentPostprocessing = 0;
		};
/* End PBXSourcesBuildPhase section */

/* Begin PBXTargetDependency section */
		5C2C8FF52B3770AC00939A84 /* PBXTargetDependency */ = {
			isa = PBXTargetDependency;
			target = 5C2C8FDD2B3770AA00939A84 /* Little Lemon Food Ordering */;
			targetProxy = 5C2C8FF42B3770AC00939A84 /* PBXContainerItemProxy */;
		};
		5C2C8FFF2B3770AC00939A84 /* PBXTargetDependency */ = {
			isa = PBXTargetDependency;
			target = 5C2C8FDD2B3770AA00939A84 /* Little Lemon Food Ordering */;
			targetProxy = 5C2C8FFE2B3770AC00939A84 /* PBXContainerItemProxy */;
		};
/* End PBXTargetDependency section */

/* Begin XCBuildConfiguration section */
		5C2C90052B3770AC00939A84 /* Debug */ = {
			isa = XCBuildConfiguration;
			buildSettings = {
				ALWAYS_SEARCH_USER_PATHS = NO;
				ASSETCATALOG_COMPILER_GENERATE_SWIFT_ASSET_SYMBOL_EXTENSIONS = YES;
				CLANG_ANALYZER_NONNULL = YES;
				CLANG_ANALYZER_NUMBER_OBJECT_CONVERSION = YES_AGGRESSIVE;
				CLANG_CXX_LANGUAGE_STANDARD = "gnu++20";
				CLANG_ENABLE_MODULES = YES;
				CLANG_ENABLE_OBJC_ARC = YES;
				CLANG_ENABLE_OBJC_WEAK = YES;
				CLANG_WARN_BLOCK_CAPTURE_AUTORELEASING = YES;
				CLANG_WARN_BOOL_CONVERSION = YES;
				CLANG_WARN_COMMA = YES;
				CLANG_WARN_CONSTANT_CONVERSION = YES;
				CLANG_WARN_DEPRECATED_OBJC_IMPLEMENTATIONS = YES;
				CLANG_WARN_DIRECT_OBJC_ISA_USAGE = YES_ERROR;
				CLANG_WARN_DOCUMENTATION_COMMENTS = YES;
				CLANG_WARN_EMPTY_BODY = YES;
				CLANG_WARN_ENUM_CONVERSION = YES;
				CLANG_WARN_INFINITE_RECURSION = YES;
				CLANG_WARN_INT_CONVERSION = YES;
				CLANG_WARN_NON_LITERAL_NULL_CONVERSION = YES;
				CLANG_WARN_OBJC_IMPLICIT_RETAIN_SELF = YES;
				CLANG_WARN_OBJC_LITERAL_CONVERSION = YES;
				CLANG_WARN_OBJC_ROOT_CLASS = YES_ERROR;
				CLANG_WARN_QUOTED_INCLUDE_IN_FRAMEWORK_HEADER = YES;
				CLANG_WARN_RANGE_LOOP_ANALYSIS = YES;
				CLANG_WARN_STRICT_PROTOTYPES = YES;
				CLANG_WARN_SUSPICIOUS_MOVE = YES;
				CLANG_WARN_UNGUARDED_AVAILABILITY = YES_AGGRESSIVE;
				CLANG_WARN_UNREACHABLE_CODE = YES;
				CLANG_WARN__DUPLICATE_METHOD_MATCH = YES;
				COPY_PHASE_STRIP = NO;
				DEBUG_INFORMATION_FORMAT = dwarf;
				ENABLE_STRICT_OBJC_MSGSEND = YES;
				ENABLE_TESTABILITY = YES;
				ENABLE_USER_SCRIPT_SANDBOXING = YES;
				GCC_C_LANGUAGE_STANDARD = gnu17;
				GCC_DYNAMIC_NO_PIC = NO;
				GCC_NO_COMMON_BLOCKS = YES;
				GCC_OPTIMIZATION_LEVEL = 0;
				GCC_PREPROCESSOR_DEFINITIONS = (
					"DEBUG=1",
					"$(inherited)",
				);
				GCC_WARN_64_TO_32_BIT_CONVERSION = YES;
				GCC_WARN_ABOUT_RETURN_TYPE = YES_ERROR;
				GCC_WARN_UNDECLARED_SELECTOR = YES;
				GCC_WARN_UNINITIALIZED_AUTOS = YES_AGGRESSIVE;
				GCC_WARN_UNUSED_FUNCTION = YES;
				GCC_WARN_UNUSED_VARIABLE = YES;
				IPHONEOS_DEPLOYMENT_TARGET = 17.0;
				LOCALIZATION_PREFERS_STRING_CATALOGS = YES;
				MTL_ENABLE_DEBUG_INFO = INCLUDE_SOURCE;
				MTL_FAST_MATH = YES;
				ONLY_ACTIVE_ARCH = YES;
				SDKROOT = iphoneos;
				SWIFT_ACTIVE_COMPILATION_CONDITIONS = "DEBUG $(inherited)";
				SWIFT_OPTIMIZATION_LEVEL = "-Onone";
			};
			name = Debug;
		};
		5C2C90062B3770AC00939A84 /* Release */ = {
			isa = XCBuildConfiguration;
			buildSettings = {
				ALWAYS_SEARCH_USER_PATHS = NO;
				ASSETCATALOG_COMPILER_GENERATE_SWIFT_ASSET_SYMBOL_EXTENSIONS = YES;
				CLANG_ANALYZER_NONNULL = YES;
				CLANG_ANALYZER_NUMBER_OBJECT_CONVERSION = YES_AGGRESSIVE;
				CLANG_CXX_LANGUAGE_STANDARD = "gnu++20";
				CLANG_ENABLE_MODULES = YES;
				CLANG_ENABLE_OBJC_ARC = YES;
				CLANG_ENABLE_OBJC_WEAK = YES;
				CLANG_WARN_BLOCK_CAPTURE_AUTORELEASING = YES;
				CLANG_WARN_BOOL_CONVERSION = YES;
				CLANG_WARN_COMMA = YES;
				CLANG_WARN_CONSTANT_CONVERSION = YES;
				CLANG_WARN_DEPRECATED_OBJC_IMPLEMENTATIONS = YES;
				CLANG_WARN_DIRECT_OBJC_ISA_USAGE = YES_ERROR;
				CLANG_WARN_DOCUMENTATION_COMMENTS = YES;
				CLANG_WARN_EMPTY_BODY = YES;
				CLANG_WARN_ENUM_CONVERSION = YES;
				CLANG_WARN_INFINITE_RECURSION = YES;
				CLANG_WARN_INT_CONVERSION = YES;
				CLANG_WARN_NON_LITERAL_NULL_CONVERSION = YES;
				CLANG_WARN_OBJC_IMPLICIT_RETAIN_SELF = YES;
				CLANG_WARN_OBJC_LITERAL_CONVERSION = YES;
				CLANG_WARN_OBJC_ROOT_CLASS = YES_ERROR;
				CLANG_WARN_QUOTED_INCLUDE_IN_FRAMEWORK_HEADER = YES;
				CLANG_WARN_RANGE_LOOP_ANALYSIS = YES;
				CLANG_WARN_STRICT_PROTOTYPES = YES;
				CLANG_WARN_SUSPICIOUS_MOVE = YES;
				CLANG_WARN_UNGUARDED_AVAILABILITY = YES_AGGRESSIVE;
				CLANG_WARN_UNREACHABLE_CODE = YES;
				CLANG_WARN__DUPLICATE_METHOD_MATCH = YES;
				COPY_PHASE_STRIP = NO;
				DEBUG_INFORMATION_FORMAT = "dwarf-with-dsym";
				ENABLE_NS_ASSERTIONS = NO;
				ENABLE_STRICT_OBJC_MSGSEND = YES;
				ENABLE_USER_SCRIPT_SANDBOXING = YES;
				GCC_C_LANGUAGE_STANDARD = gnu17;
				GCC_NO_COMMON_BLOCKS = YES;
				GCC_WARN_64_TO_32_BIT_CONVERSION = YES;
				GCC_WARN_ABOUT_RETURN_TYPE = YES_ERROR;
				GCC_WARN_UNDECLARED_SELECTOR = YES;
				GCC_WARN_UNINITIALIZED_AUTOS = YES_AGGRESSIVE;
				GCC_WARN_UNUSED_FUNCTION = YES;
				GCC_WARN_UNUSED_VARIABLE = YES;
				IPHONEOS_DEPLOYMENT_TARGET = 17.0;
				LOCALIZATION_PREFERS_STRING_CATALOGS = YES;
				MTL_ENABLE_DEBUG_INFO = NO;
				MTL_FAST_MATH = YES;
				SDKROOT = iphoneos;
				SWIFT_COMPILATION_MODE = wholemodule;
				VALIDATE_PRODUCT = YES;
			};
			name = Release;
		};
		5C2C90082B3770AC00939A84 /* Debug */ = {
			isa = XCBuildConfiguration;
			buildSettings = {
				ASSETCATALOG_COMPILER_APPICON_NAME = AppIcon;
				ASSETCATALOG_COMPILER_GLOBAL_ACCENT_COLOR_NAME = AccentColor;
				CODE_SIGN_STYLE = Automatic;
				CURRENT_PROJECT_VERSION = 1;
				DEVELOPMENT_ASSET_PATHS = "\"Little Lemon Food Ordering/Preview Content\"";
				DEVELOPMENT_TEAM = 9RVC283PBZ;
				ENABLE_PREVIEWS = YES;
				GENERATE_INFOPLIST_FILE = YES;
				INFOPLIST_KEY_UIApplicationSceneManifest_Generation = YES;
				INFOPLIST_KEY_UIApplicationSupportsIndirectInputEvents = YES;
				INFOPLIST_KEY_UILaunchScreen_Generation = YES;
				INFOPLIST_KEY_UISupportedInterfaceOrientations_iPad = "UIInterfaceOrientationPortrait UIInterfaceOrientationPortraitUpsideDown UIInterfaceOrientationLandscapeLeft UIInterfaceOrientationLandscapeRight";
				INFOPLIST_KEY_UISupportedInterfaceOrientations_iPhone = "UIInterfaceOrientationPortrait UIInterfaceOrientationLandscapeLeft UIInterfaceOrientationLandscapeRight";
				IPHONEOS_DEPLOYMENT_TARGET = 16.0;
				LD_RUNPATH_SEARCH_PATHS = (
					"$(inherited)",
					"@executable_path/Frameworks",
				);
				MARKETING_VERSION = 1.0;
				PRODUCT_BUNDLE_IDENTIFIER = "RaSoft.Little-Lemon-Food-Ordering";
				PRODUCT_NAME = "$(TARGET_NAME)";
				SWIFT_EMIT_LOC_STRINGS = YES;
				SWIFT_VERSION = 5.0;
				TARGETED_DEVICE_FAMILY = "1,2";
			};
			name = Debug;
		};
		5C2C90092B3770AC00939A84 /* Release */ = {
			isa = XCBuildConfiguration;
			buildSettings = {
				ASSETCATALOG_COMPILER_APPICON_NAME = AppIcon;
				ASSETCATALOG_COMPILER_GLOBAL_ACCENT_COLOR_NAME = AccentColor;
				CODE_SIGN_STYLE = Automatic;
				CURRENT_PROJECT_VERSION = 1;
				DEVELOPMENT_ASSET_PATHS = "\"Little Lemon Food Ordering/Preview Content\"";
				DEVELOPMENT_TEAM = 9RVC283PBZ;
				ENABLE_PREVIEWS = YES;
				GENERATE_INFOPLIST_FILE = YES;
				INFOPLIST_KEY_UIApplicationSceneManifest_Generation = YES;
				INFOPLIST_KEY_UIApplicationSupportsIndirectInputEvents = YES;
				INFOPLIST_KEY_UILaunchScreen_Generation = YES;
				INFOPLIST_KEY_UISupportedInterfaceOrientations_iPad = "UIInterfaceOrientationPortrait UIInterfaceOrientationPortraitUpsideDown UIInterfaceOrientationLandscapeLeft UIInterfaceOrientationLandscapeRight";
				INFOPLIST_KEY_UISupportedInterfaceOrientations_iPhone = "UIInterfaceOrientationPortrait UIInterfaceOrientationLandscapeLeft UIInterfaceOrientationLandscapeRight";
				IPHONEOS_DEPLOYMENT_TARGET = 16.0;
				LD_RUNPATH_SEARCH_PATHS = (
					"$(inherited)",
					"@executable_path/Frameworks",
				);
				MARKETING_VERSION = 1.0;
				PRODUCT_BUNDLE_IDENTIFIER = "RaSoft.Little-Lemon-Food-Ordering";
				PRODUCT_NAME = "$(TARGET_NAME)";
				SWIFT_EMIT_LOC_STRINGS = YES;
				SWIFT_VERSION = 5.0;
				TARGETED_DEVICE_FAMILY = "1,2";
			};
			name = Release;
		};
		5C2C900B2B3770AC00939A84 /* Debug */ = {
			isa = XCBuildConfiguration;
			buildSettings = {
				ALWAYS_EMBED_SWIFT_STANDARD_LIBRARIES = YES;
				BUNDLE_LOADER = "$(TEST_HOST)";
				CODE_SIGN_STYLE = Automatic;
				CURRENT_PROJECT_VERSION = 1;
				DEVELOPMENT_TEAM = 9RVC283PBZ;
				GENERATE_INFOPLIST_FILE = YES;
				IPHONEOS_DEPLOYMENT_TARGET = 17.0;
				MARKETING_VERSION = 1.0;
				PRODUCT_BUNDLE_IDENTIFIER = "RaSoft.Little-Lemon-Food-OrderingTests";
				PRODUCT_NAME = "$(TARGET_NAME)";
				SWIFT_EMIT_LOC_STRINGS = NO;
				SWIFT_VERSION = 5.0;
				TARGETED_DEVICE_FAMILY = "1,2";
				TEST_HOST = "$(BUILT_PRODUCTS_DIR)/Little Lemon Food Ordering.app/$(BUNDLE_EXECUTABLE_FOLDER_PATH)/Little Lemon Food Ordering";
			};
			name = Debug;
		};
		5C2C900C2B3770AC00939A84 /* Release */ = {
			isa = XCBuildConfiguration;
			buildSettings = {
				ALWAYS_EMBED_SWIFT_STANDARD_LIBRARIES = YES;
				BUNDLE_LOADER = "$(TEST_HOST)";
				CODE_SIGN_STYLE = Automatic;
				CURRENT_PROJECT_VERSION = 1;
				DEVELOPMENT_TEAM = 9RVC283PBZ;
				GENERATE_INFOPLIST_FILE = YES;
				IPHONEOS_DEPLOYMENT_TARGET = 17.0;
				MARKETING_VERSION = 1.0;
				PRODUCT_BUNDLE_IDENTIFIER = "RaSoft.Little-Lemon-Food-OrderingTests";
				PRODUCT_NAME = "$(TARGET_NAME)";
				SWIFT_EMIT_LOC_STRINGS = NO;
				SWIFT_VERSION = 5.0;
				TARGETED_DEVICE_FAMILY = "1,2";
				TEST_HOST = "$(BUILT_PRODUCTS_DIR)/Little Lemon Food Ordering.app/$(BUNDLE_EXECUTABLE_FOLDER_PATH)/Little Lemon Food Ordering";
			};
			name = Release;
		};
		5C2C900E2B3770AC00939A84 /* Debug */ = {
			isa = XCBuildConfiguration;
			buildSettings = {
				ALWAYS_EMBED_SWIFT_STANDARD_LIBRARIES = YES;
				CODE_SIGN_STYLE = Automatic;
				CURRENT_PROJECT_VERSION = 1;
				DEVELOPMENT_TEAM = 9RVC283PBZ;
				GENERATE_INFOPLIST_FILE = YES;
				MARKETING_VERSION = 1.0;
				PRODUCT_BUNDLE_IDENTIFIER = "RaSoft.Little-Lemon-Food-OrderingUITests";
				PRODUCT_NAME = "$(TARGET_NAME)";
				SWIFT_EMIT_LOC_STRINGS = NO;
				SWIFT_VERSION = 5.0;
				TARGETED_DEVICE_FAMILY = "1,2";
				TEST_TARGET_NAME = "Little Lemon Food Ordering";
			};
			name = Debug;
		};
		5C2C900F2B3770AC00939A84 /* Release */ = {
			isa = XCBuildConfiguration;
			buildSettings = {
				ALWAYS_EMBED_SWIFT_STANDARD_LIBRARIES = YES;
				CODE_SIGN_STYLE = Automatic;
				CURRENT_PROJECT_VERSION = 1;
				DEVELOPMENT_TEAM = 9RVC283PBZ;
				GENERATE_INFOPLIST_FILE = YES;
				MARKETING_VERSION = 1.0;
				PRODUCT_BUNDLE_IDENTIFIER = "RaSoft.Little-Lemon-Food-OrderingUITests";
				PRODUCT_NAME = "$(TARGET_NAME)";
				SWIFT_EMIT_LOC_STRINGS = NO;
				SWIFT_VERSION = 5.0;
				TARGETED_DEVICE_FAMILY = "1,2";
				TEST_TARGET_NAME = "Little Lemon Food Ordering";
			};
			name = Release;
		};
/* End XCBuildConfiguration section */

/* Begin XCConfigurationList section */
		5C2C8FD92B3770AA00939A84 /* Build configuration list for PBXProject "Little Lemon Food Ordering" */ = {
			isa = XCConfigurationList;
			buildConfigurations = (
				5C2C90052B3770AC00939A84 /* Debug */,
				5C2C90062B3770AC00939A84 /* Release */,
			);
			defaultConfigurationIsVisible = 0;
			defaultConfigurationName = Release;
		};
		5C2C90072B3770AC00939A84 /* Build configuration list for PBXNativeTarget "Little Lemon Food Ordering" */ = {
			isa = XCConfigurationList;
			buildConfigurations = (
				5C2C90082B3770AC00939A84 /* Debug */,
				5C2C90092B3770AC00939A84 /* Release */,
			);
			defaultConfigurationIsVisible = 0;
			defaultConfigurationName = Release;
		};
		5C2C900A2B3770AC00939A84 /* Build configuration list for PBXNativeTarget "Little Lemon Food OrderingTests" */ = {
			isa = XCConfigurationList;
			buildConfigurations = (
				5C2C900B2B3770AC00939A84 /* Debug */,
				5C2C900C2B3770AC00939A84 /* Release */,
			);
			defaultConfigurationIsVisible = 0;
			defaultConfigurationName = Release;
		};
		5C2C900D2B3770AC00939A84 /* Build configuration list for PBXNativeTarget "Little Lemon Food OrderingUITests" */ = {
			isa = XCConfigurationList;
			buildConfigurations = (
				5C2C900E2B3770AC00939A84 /* Debug */,
				5C2C900F2B3770AC00939A84 /* Release */,
			);
			defaultConfigurationIsVisible = 0;
			defaultConfigurationName = Release;
		};
/* End XCConfigurationList section */

/* Begin XCVersionGroup section */
		5C2C8FEC2B3770AC00939A84 /* Little_Lemon_Food_Ordering.xcdatamodeld */ = {
			isa = XCVersionGroup;
			children = (
				5C2C8FED2B3770AC00939A84 /* Little_Lemon_Food_Ordering.xcdatamodel */,
			);
			currentVersion = 5C2C8FED2B3770AC00939A84 /* Little_Lemon_Food_Ordering.xcdatamodel */;
			path = Little_Lemon_Food_Ordering.xcdatamodeld;
			sourceTree = "<group>";
			versionGroupType = wrapper.xcdatamodel;
		};
/* End XCVersionGroup section */
	};
	rootObject = 5C2C8FD62B3770AA00939A84 /* Project object */;
}
